{
  "name": "@almost-fancy/true-dutch",
  "version": "1.0.6",
  "lockfileVersion": 2,
  "requires": true,
  "packages": {
    "": {
      "name": "@almost-fancy/true-dutch",
      "version": "1.0.6",
      "license": "ISC",
      "devDependencies": {
        "@rari-capital/solmate": "^6.4.0"
      }
    },
    "node_modules/@rari-capital/solmate": {
      "version": "6.4.0",
      "resolved": "https://registry.npmjs.org/@rari-capital/solmate/-/solmate-6.4.0.tgz",
      "integrity": "sha512-BXWIHHbG5Zbgrxi0qVYe0Zs+bfx+XgOciVUACjuIApV0KzC0kY8XdO1higusIei/ZKCC+GUKdcdQZflxYPUTKQ==",
      "dev": true
    }
  },
  "dependencies": {
    "@rari-capital/solmate": {
      "version": "6.4.0",
      "resolved": "https://registry.npmjs.org/@rari-capital/solmate/-/solmate-6.4.0.tgz",
      "integrity": "sha512-BXWIHHbG5Zbgrxi0qVYe0Zs+bfx+XgOciVUACjuIApV0KzC0kY8XdO1higusIei/ZKCC+GUKdcdQZflxYPUTKQ==",
      "dev": true
    }
  }
}
